
Microsoft Visual Studio Solution File, Format Version 12.00
# Visual Studio Version 17
VisualStudioVersion = 17.6.33815.320
MinimumVisualStudioVersion = 10.0.40219.1
Project("{FAE04EC0-301F-11D3-BF4B-00C04F79EFBC}") = "CoffeeMarket.API", "CoffeeMarket.API.csproj", "{DE5098BE-A68F-4262-9D43-CA908DF85F7A}"
EndProject
Project("{FAE04EC0-301F-11D3-BF4B-00C04F79EFBC}") = "CoffeeMarket.API.BLL", "..\CoffeeMarket.API.BLL\CoffeeMarket.API.BLL.csproj", "{3AA7632E-518C-4C1D-B46F-8473C18A6634}"
EndProject
Project("{FAE04EC0-301F-11D3-BF4B-00C04F79EFBC}") = "CoffeMarket.API.DAL", "..\CoffeMarket.API.DAL\CoffeMarket.API.DAL.csproj", "{5E899859-2808-4891-B320-E2485FEDCB04}"
EndProject
Global
	GlobalSection(SolutionConfigurationPlatforms) = preSolution
		Debug|Any CPU = Debug|Any CPU
		Release|Any CPU = Release|Any CPU
	EndGlobalSection
	GlobalSection(ProjectConfigurationPlatforms) = postSolution
		{DE5098BE-A68F-4262-9D43-CA908DF85F7A}.Debug|Any CPU.ActiveCfg = Debug|Any CPU
		{DE5098BE-A68F-4262-9D43-CA908DF85F7A}.Debug|Any CPU.Build.0 = Debug|Any CPU
		{DE5098BE-A68F-4262-9D43-CA908DF85F7A}.Release|Any CPU.ActiveCfg = Release|Any CPU
		{DE5098BE-A68F-4262-9D43-CA908DF85F7A}.Release|Any CPU.Build.0 = Release|Any CPU
		{3AA7632E-518C-4C1D-B46F-8473C18A6634}.Debug|Any CPU.ActiveCfg = Debug|Any CPU
		{3AA7632E-518C-4C1D-B46F-8473C18A6634}.Debug|Any CPU.Build.0 = Debug|Any CPU
		{3AA7632E-518C-4C1D-B46F-8473C18A6634}.Release|Any CPU.ActiveCfg = Release|Any CPU
		{3AA7632E-518C-4C1D-B46F-8473C18A6634}.Release|Any CPU.Build.0 = Release|Any CPU
		{5E899859-2808-4891-B320-E2485FEDCB04}.Debug|Any CPU.ActiveCfg = Debug|Any CPU
		{5E899859-2808-4891-B320-E2485FEDCB04}.Debug|Any CPU.Build.0 = Debug|Any CPU
		{5E899859-2808-4891-B320-E2485FEDCB04}.Release|Any CPU.ActiveCfg = Release|Any CPU
		{5E899859-2808-4891-B320-E2485FEDCB04}.Release|Any CPU.Build.0 = Release|Any CPU
	EndGlobalSection
	GlobalSection(SolutionProperties) = preSolution
		HideSolutionNode = FALSE
	EndGlobalSection
	GlobalSection(ExtensibilityGlobals) = postSolution
		SolutionGuid = {70DA7930-9BEE-43CD-BC96-F1887A641CCD}
	EndGlobalSection
EndGlobal
